
Microsoft Visual Studio Solution File, Format Version 12.00
# Visual Studio Version 16
VisualStudioVersion = 16.0.31702.278
MinimumVisualStudioVersion = 10.0.40219.1
Project("{FAE04EC0-301F-11D3-BF4B-00C04F79EFBC}") = "Producer", "Producer\Producer.csproj", "{ED808E64-9CF4-4C17-9579-9C5BF35F5D65}"
EndProject
Global
	GlobalSection(SolutionConfigurationPlatforms) = preSolution
		Debug|Any CPU = Debug|Any CPU
		Release|Any CPU = Release|Any CPU
	EndGlobalSection
	GlobalSection(ProjectConfigurationPlatforms) = postSolution
		{ED808E64-9CF4-4C17-9579-9C5BF35F5D65}.Debug|Any CPU.ActiveCfg = Debug|Any CPU
		{ED808E64-9CF4-4C17-9579-9C5BF35F5D65}.Debug|Any CPU.Build.0 = Debug|Any CPU
		{ED808E64-9CF4-4C17-9579-9C5BF35F5D65}.Release|Any CPU.ActiveCfg = Release|Any CPU
		{ED808E64-9CF4-4C17-9579-9C5BF35F5D65}.Release|Any CPU.Build.0 = Release|Any CPU
	EndGlobalSection
	GlobalSection(SolutionProperties) = preSolution
		HideSolutionNode = FALSE
	EndGlobalSection
	GlobalSection(ExtensibilityGlobals) = postSolution
		SolutionGuid = {A1BFB8E4-E5C1-495A-939A-39C540627A27}
	EndGlobalSection
EndGlobal
